
Microsoft Visual Studio Solution File, Format Version 12.00
# Visual Studio Version 17
VisualStudioVersion = 17.9.34616.47
MinimumVisualStudioVersion = 10.0.40219.1
Project("{9A19103F-16F7-4668-BE54-9A1E7A4F7556}") = "LibrarySystem", "LibrarySystem\LibrarySystem.csproj", "{0A0B044E-CF32-437E-AC56-99ED5D5A0C75}"
EndProject
Global
	GlobalSection(SolutionConfigurationPlatforms) = preSolution
		Debug|Any CPU = Debug|Any CPU
		Release|Any CPU = Release|Any CPU
	EndGlobalSection
	GlobalSection(ProjectConfigurationPlatforms) = postSolution
		{0A0B044E-CF32-437E-AC56-99ED5D5A0C75}.Debug|Any CPU.ActiveCfg = Debug|Any CPU
		{0A0B044E-CF32-437E-AC56-99ED5D5A0C75}.Debug|Any CPU.Build.0 = Debug|Any CPU
		{0A0B044E-CF32-437E-AC56-99ED5D5A0C75}.Release|Any CPU.ActiveCfg = Release|Any CPU
		{0A0B044E-CF32-437E-AC56-99ED5D5A0C75}.Release|Any CPU.Build.0 = Release|Any CPU
	EndGlobalSection
	GlobalSection(SolutionProperties) = preSolution
		HideSolutionNode = FALSE
	EndGlobalSection
	GlobalSection(ExtensibilityGlobals) = postSolution
		SolutionGuid = {83268C49-AF01-4213-BDED-3FA4C436F648}
	EndGlobalSection
EndGlobal
